// !$*UTF8*$!
{
	archiveVersion = 1;
	classes = {
	};
	objectVersion = 50;
	objects = {

/* Begin PBXBuildFile section */
		241F6CFA249D60FE00D5D298 /* DNS.swift in Sources */ = {isa = PBXBuildFile; fileRef = 241F6CF9249D60FE00D5D298 /* DNS.swift */; };
		241F6D0A249D629800D5D298 /* DNSTests.swift in Sources */ = {isa = PBXBuildFile; fileRef = 241F6D09249D629800D5D298 /* DNSTests.swift */; };
		241F6D0C249D629800D5D298 /* libDNS.a in Frameworks */ = {isa = PBXBuildFile; fileRef = 241F6CF6249D60FE00D5D298 /* libDNS.a */; };
		241F6D13249D637000D5D298 /* RR.swift in Sources */ = {isa = PBXBuildFile; fileRef = 241F6D12249D637000D5D298 /* RR.swift */; };
		241F6D15249D638300D5D298 /* Extension.swift in Sources */ = {isa = PBXBuildFile; fileRef = 241F6D14249D638300D5D298 /* Extension.swift */; };
/* End PBXBuildFile section */

/* Begin PBXContainerItemProxy section */
		241F6D0D249D629800D5D298 /* PBXContainerItemProxy */ = {
			isa = PBXContainerItemProxy;
			containerPortal = 241F6CEE249D60FE00D5D298 /* Project object */;
			proxyType = 1;
			remoteGlobalIDString = 241F6CF5249D60FE00D5D298;
			remoteInfo = DNS;
		};
/* End PBXContainerItemProxy section */

/* Begin PBXCopyFilesBuildPhase section */
		241F6CF4249D60FE00D5D298 /* CopyFiles */ = {
			isa = PBXCopyFilesBuildPhase;
			buildActionMask = 2147483647;
			dstPath = "include/$(PRODUCT_NAME)";
			dstSubfolderSpec = 16;
			files = (
			);
			runOnlyForDeploymentPostprocessing = 0;
		};
/* End PBXCopyFilesBuildPhase section */

/* Begin PBXFileReference section */
		241F6CF6249D60FE00D5D298 /* libDNS.a */ = {isa = PBXFileReference; explicitFileType = archive.ar; includeInIndex = 0; path = libDNS.a; sourceTree = BUILT_PRODUCTS_DIR; };
		241F6CF9249D60FE00D5D298 /* DNS.swift */ = {isa = PBXFileReference; lastKnownFileType = sourcecode.swift; path = DNS.swift; sourceTree = "<group>"; };
		241F6D07249D629800D5D298 /* DNSTests.xctest */ = {isa = PBXFileReference; explicitFileType = wrapper.cfbundle; includeInIndex = 0; path = DNSTests.xctest; sourceTree = BUILT_PRODUCTS_DIR; };
		241F6D09249D629800D5D298 /* DNSTests.swift */ = {isa = PBXFileReference; lastKnownFileType = sourcecode.swift; path = DNSTests.swift; sourceTree = "<group>"; };
		241F6D0B249D629800D5D298 /* Info.plist */ = {isa = PBXFileReference; lastKnownFileType = text.plist.xml; path = Info.plist; sourceTree = "<group>"; };
		241F6D12249D637000D5D298 /* RR.swift */ = {isa = PBXFileReference; lastKnownFileType = sourcecode.swift; path = RR.swift; sourceTree = "<group>"; };
		241F6D14249D638300D5D298 /* Extension.swift */ = {isa = PBXFileReference; lastKnownFileType = sourcecode.swift; path = Extension.swift; sourceTree = "<group>"; };
/* End PBXFileReference section */

/* Begin PBXFrameworksBuildPhase section */
		241F6CF3249D60FE00D5D298 /* Frameworks */ = {
			isa = PBXFrameworksBuildPhase;
			buildActionMask = 2147483647;
			files = (
			);
			runOnlyForDeploymentPostprocessing = 0;
		};
		241F6D04249D629800D5D298 /* Frameworks */ = {
			isa = PBXFrameworksBuildPhase;
			buildActionMask = 2147483647;
			files = (
				241F6D0C249D629800D5D298 /* libDNS.a in Frameworks */,
			);
			runOnlyForDeploymentPostprocessing = 0;
		};
/* End PBXFrameworksBuildPhase section */

/* Begin PBXGroup section */
		241F6CED249D60FE00D5D298 = {
			isa = PBXGroup;
			children = (
				241F6CF8249D60FE00D5D298 /* DNS */,
				241F6D08249D629800D5D298 /* DNSTests */,
				241F6CF7249D60FE00D5D298 /* Products */,
			);
			sourceTree = "<group>";
		};
		241F6CF7249D60FE00D5D298 /* Products */ = {
			isa = PBXGroup;
			children = (
				241F6CF6249D60FE00D5D298 /* libDNS.a */,
				241F6D07249D629800D5D298 /* DNSTests.xctest */,
			);
			name = Products;
			sourceTree = "<group>";
		};
		241F6CF8249D60FE00D5D298 /* DNS */ = {
			isa = PBXGroup;
			children = (
				241F6CF9249D60FE00D5D298 /* DNS.swift */,
				241F6D12249D637000D5D298 /* RR.swift */,
				241F6D14249D638300D5D298 /* Extension.swift */,
			);
			path = DNS;
			sourceTree = "<group>";
		};
		241F6D08249D629800D5D298 /* DNSTests */ = {
			isa = PBXGroup;
			children = (
				241F6D09249D629800D5D298 /* DNSTests.swift */,
				241F6D0B249D629800D5D298 /* Info.plist */,
			);
			path = DNSTests;
			sourceTree = "<group>";
		};
/* End PBXGroup section */

/* Begin PBXNativeTarget section */
		241F6CF5249D60FE00D5D298 /* DNS */ = {
			isa = PBXNativeTarget;
			buildConfigurationList = 241F6CFD249D60FE00D5D298 /* Build configuration list for PBXNativeTarget "DNS" */;
			buildPhases = (
				241F6CF2249D60FE00D5D298 /* Sources */,
				241F6CF3249D60FE00D5D298 /* Frameworks */,
				241F6CF4249D60FE00D5D298 /* CopyFiles */,
			);
			buildRules = (
			);
			dependencies = (
			);
			name = DNS;
			productName = DNS;
			productReference = 241F6CF6249D60FE00D5D298 /* libDNS.a */;
			productType = "com.apple.product-type.library.static";
		};
		241F6D06249D629800D5D298 /* DNSTests */ = {
			isa = PBXNativeTarget;
			buildConfigurationList = 241F6D0F249D629800D5D298 /* Build configuration list for PBXNativeTarget "DNSTests" */;
			buildPhases = (
				241F6D03249D629800D5D298 /* Sources */,
				241F6D04249D629800D5D298 /* Frameworks */,
				241F6D05249D629800D5D298 /* Resources */,
			);
			buildRules = (
			);
			dependencies = (
				241F6D0E249D629800D5D298 /* PBXTargetDependency */,
			);
			name = DNSTests;
			productName = DNSTests;
			productReference = 241F6D07249D629800D5D298 /* DNSTests.xctest */;
			productType = "com.apple.product-type.bundle.unit-test";
		};
/* End PBXNativeTarget section */

/* Begin PBXProject section */
		241F6CEE249D60FE00D5D298 /* Project object */ = {
			isa = PBXProject;
			attributes = {
				LastSwiftUpdateCheck = 1120;
				LastUpgradeCheck = 1120;
				ORGANIZATIONNAME = "Vincent Huang";
				TargetAttributes = {
					241F6CF5249D60FE00D5D298 = {
						CreatedOnToolsVersion = 11.2.1;
					};
					241F6D06249D629800D5D298 = {
						CreatedOnToolsVersion = 11.2.1;
					};
				};
			};
			buildConfigurationList = 241F6CF1249D60FE00D5D298 /* Build configuration list for PBXProject "DNS" */;
			compatibilityVersion = "Xcode 9.3";
			developmentRegion = en;
			hasScannedForEncodings = 0;
			knownRegions = (
				en,
				Base,
			);
			mainGroup = 241F6CED249D60FE00D5D298;
			productRefGroup = 241F6CF7249D60FE00D5D298 /* Products */;
			projectDirPath = "";
			projectRoot = "";
			targets = (
				241F6CF5249D60FE00D5D298 /* DNS */,
				241F6D06249D629800D5D298 /* DNSTests */,
			);
		};
/* End PBXProject section */

/* Begin PBXResourcesBuildPhase section */
		241F6D05249D629800D5D298 /* Resources */ = {
			isa = PBXResourcesBuildPhase;
			buildActionMask = 2147483647;
			files = (
			);
			runOnlyForDeploymentPostprocessing = 0;
		};
/* End PBXResourcesBuildPhase section */

/* Begin PBXSourcesBuildPhase section */
		241F6CF2249D60FE00D5D298 /* Sources */ = {
			isa = PBXSourcesBuildPhase;
			buildActionMask = 2147483647;
			files = (
				241F6D15249D638300D5D298 /* Extension.swift in Sources */,
				241F6CFA249D60FE00D5D298 /* DNS.swift in Sources */,
				241F6D13249D637000D5D298 /* RR.swift in Sources */,
			);
			runOnlyForDeploymentPostprocessing = 0;
		};
		241F6D03249D629800D5D298 /* Sources */ = {
			isa = PBXSourcesBuildPhase;
			buildActionMask = 2147483647;
			files = (
				241F6D0A249D629800D5D298 /* DNSTests.swift in Sources */,
			);
			runOnlyForDeploymentPostprocessing = 0;
		};
/* End PBXSourcesBuildPhase section */

/* Begin PBXTargetDependency section */
		241F6D0E249D629800D5D298 /* PBXTargetDependency */ = {
			isa = PBXTargetDependency;
			target = 241F6CF5249D60FE00D5D298 /* DNS */;
			targetProxy = 241F6D0D249D629800D5D298 /* PBXContainerItemProxy */;
		};
/* End PBXTargetDependency section */

/* Begin XCBuildConfiguration section */
		241F6CFB249D60FE00D5D298 /* Debug */ = {
			isa = XCBuildConfiguration;
			buildSettings = {
				ALWAYS_SEARCH_USER_PATHS = NO;
				CLANG_ANALYZER_NONNULL = YES;
				CLANG_ANALYZER_NUMBER_OBJECT_CONVERSION = YES_AGGRESSIVE;
				CLANG_CXX_LANGUAGE_STANDARD = "gnu++14";
				CLANG_CXX_LIBRARY = "libc++";
				CLANG_ENABLE_MODULES = YES;
				CLANG_ENABLE_OBJC_ARC = YES;
				CLANG_ENABLE_OBJC_WEAK = YES;
				CLANG_WARN_BLOCK_CAPTURE_AUTORELEASING = YES;
				CLANG_WARN_BOOL_CONVERSION = YES;
				CLANG_WARN_COMMA = YES;
				CLANG_WARN_CONSTANT_CONVERSION = YES;
				CLANG_WARN_DEPRECATED_OBJC_IMPLEMENTATIONS = YES;
				CLANG_WARN_DIRECT_OBJC_ISA_USAGE = YES_ERROR;
				CLANG_WARN_DOCUMENTATION_COMMENTS = YES;
				CLANG_WARN_EMPTY_BODY = YES;
				CLANG_WARN_ENUM_CONVERSION = YES;
				CLANG_WARN_INFINITE_RECURSION = YES;
				CLANG_WARN_INT_CONVERSION = YES;
				CLANG_WARN_NON_LITERAL_NULL_CONVERSION = YES;
				CLANG_WARN_OBJC_IMPLICIT_RETAIN_SELF = YES;
				CLANG_WARN_OBJC_LITERAL_CONVERSION = YES;
				CLANG_WARN_OBJC_ROOT_CLASS = YES_ERROR;
				CLANG_WARN_RANGE_LOOP_ANALYSIS = YES;
				CLANG_WARN_STRICT_PROTOTYPES = YES;
				CLANG_WARN_SUSPICIOUS_MOVE = YES;
				CLANG_WARN_UNGUARDED_AVAILABILITY = YES_AGGRESSIVE;
				CLANG_WARN_UNREACHABLE_CODE = YES;
				CLANG_WARN__DUPLICATE_METHOD_MATCH = YES;
				COPY_PHASE_STRIP = NO;
				DEBUG_INFORMATION_FORMAT = dwarf;
				ENABLE_STRICT_OBJC_MSGSEND = YES;
				ENABLE_TESTABILITY = YES;
				GCC_C_LANGUAGE_STANDARD = gnu11;
				GCC_DYNAMIC_NO_PIC = NO;
				GCC_NO_COMMON_BLOCKS = YES;
				GCC_OPTIMIZATION_LEVEL = 0;
				GCC_PREPROCESSOR_DEFINITIONS = (
					"DEBUG=1",
					"$(inherited)",
				);
				GCC_WARN_64_TO_32_BIT_CONVERSION = YES;
				GCC_WARN_ABOUT_RETURN_TYPE = YES_ERROR;
				GCC_WARN_UNDECLARED_SELECTOR = YES;
				GCC_WARN_UNINITIALIZED_AUTOS = YES_AGGRESSIVE;
				GCC_WARN_UNUSED_FUNCTION = YES;
				GCC_WARN_UNUSED_VARIABLE = YES;
				IPHONEOS_DEPLOYMENT_TARGET = 13.2;
				MTL_ENABLE_DEBUG_INFO = INCLUDE_SOURCE;
				MTL_FAST_MATH = YES;
				ONLY_ACTIVE_ARCH = YES;
				SDKROOT = iphoneos;
				SWIFT_ACTIVE_COMPILATION_CONDITIONS = DEBUG;
				SWIFT_OPTIMIZATION_LEVEL = "-Onone";
			};
			name = Debug;
		};
		241F6CFC249D60FE00D5D298 /* Release */ = {
			isa = XCBuildConfiguration;
			buildSettings = {
				ALWAYS_SEARCH_USER_PATHS = NO;
				CLANG_ANALYZER_NONNULL = YES;
				CLANG_ANALYZER_NUMBER_OBJECT_CONVERSION = YES_AGGRESSIVE;
				CLANG_CXX_LANGUAGE_STANDARD = "gnu++14";
				CLANG_CXX_LIBRARY = "libc++";
				CLANG_ENABLE_MODULES = YES;
				CLANG_ENABLE_OBJC_ARC = YES;
				CLANG_ENABLE_OBJC_WEAK = YES;
				CLANG_WARN_BLOCK_CAPTURE_AUTORELEASING = YES;
				CLANG_WARN_BOOL_CONVERSION = YES;
				CLANG_WARN_COMMA = YES;
				CLANG_WARN_CONSTANT_CONVERSION = YES;
				CLANG_WARN_DEPRECATED_OBJC_IMPLEMENTATIONS = YES;
				CLANG_WARN_DIRECT_OBJC_ISA_USAGE = YES_ERROR;
				CLANG_WARN_DOCUMENTATION_COMMENTS = YES;
				CLANG_WARN_EMPTY_BODY = YES;
				CLANG_WARN_ENUM_CONVERSION = YES;
				CLANG_WARN_INFINITE_RECURSION = YES;
				CLANG_WARN_INT_CONVERSION = YES;
				CLANG_WARN_NON_LITERAL_NULL_CONVERSION = YES;
				CLANG_WARN_OBJC_IMPLICIT_RETAIN_SELF = YES;
				CLANG_WARN_OBJC_LITERAL_CONVERSION = YES;
				CLANG_WARN_OBJC_ROOT_CLASS = YES_ERROR;
				CLANG_WARN_RANGE_LOOP_ANALYSIS = YES;
				CLANG_WARN_STRICT_PROTOTYPES = YES;
				CLANG_WARN_SUSPICIOUS_MOVE = YES;
				CLANG_WARN_UNGUARDED_AVAILABILITY = YES_AGGRESSIVE;
				CLANG_WARN_UNREACHABLE_CODE = YES;
				CLANG_WARN__DUPLICATE_METHOD_MATCH = YES;
				COPY_PHASE_STRIP = NO;
				DEBUG_INFORMATION_FORMAT = "dwarf-with-dsym";
				ENABLE_NS_ASSERTIONS = NO;
				ENABLE_STRICT_OBJC_MSGSEND = YES;
				GCC_C_LANGUAGE_STANDARD = gnu11;
				GCC_NO_COMMON_BLOCKS = YES;
				GCC_WARN_64_TO_32_BIT_CONVERSION = YES;
				GCC_WARN_ABOUT_RETURN_TYPE = YES_ERROR;
				GCC_WARN_UNDECLARED_SELECTOR = YES;
				GCC_WARN_UNINITIALIZED_AUTOS = YES_AGGRESSIVE;
				GCC_WARN_UNUSED_FUNCTION = YES;
				GCC_WARN_UNUSED_VARIABLE = YES;
				IPHONEOS_DEPLOYMENT_TARGET = 13.2;
				MTL_ENABLE_DEBUG_INFO = NO;
				MTL_FAST_MATH = YES;
				SDKROOT = iphoneos;
				SWIFT_COMPILATION_MODE = wholemodule;
				SWIFT_OPTIMIZATION_LEVEL = "-O";
				VALIDATE_PRODUCT = YES;
			};
			name = Release;
		};
		241F6CFE249D60FE00D5D298 /* Debug */ = {
			isa = XCBuildConfiguration;
			buildSettings = {
				CODE_SIGN_STYLE = Automatic;
				DEVELOPMENT_TEAM = S2X824W2YT;
				OTHER_LDFLAGS = "-ObjC";
				PRODUCT_NAME = "$(TARGET_NAME)";
				SKIP_INSTALL = YES;
				SWIFT_VERSION = 5.0;
				TARGETED_DEVICE_FAMILY = "1,2";
			};
			name = Debug;
		};
		241F6CFF249D60FE00D5D298 /* Release */ = {
			isa = XCBuildConfiguration;
			buildSettings = {
				CODE_SIGN_STYLE = Automatic;
				DEVELOPMENT_TEAM = S2X824W2YT;
				OTHER_LDFLAGS = "-ObjC";
				PRODUCT_NAME = "$(TARGET_NAME)";
				SKIP_INSTALL = YES;
				SWIFT_VERSION = 5.0;
				TARGETED_DEVICE_FAMILY = "1,2";
			};
			name = Release;
		};
		241F6D10249D629800D5D298 /* Debug */ = {
			isa = XCBuildConfiguration;
			buildSettings = {
				CODE_SIGN_STYLE = Automatic;
				DEVELOPMENT_TEAM = S2X824W2YT;
				INFOPLIST_FILE = DNSTests/Info.plist;
				LD_RUNPATH_SEARCH_PATHS = (
					"$(inherited)",
					"@executable_path/Frameworks",
					"@loader_path/Frameworks",
				);
				PRODUCT_BUNDLE_IDENTIFIER = com.vincent178.DNSTests;
				PRODUCT_NAME = "$(TARGET_NAME)";
				SWIFT_VERSION = 5.0;
				TARGETED_DEVICE_FAMILY = "1,2";
			};
			name = Debug;
		};
		241F6D11249D629800D5D298 /* Release */ = {
			isa = XCBuildConfiguration;
			buildSettings = {
				CODE_SIGN_STYLE = Automatic;
				DEVELOPMENT_TEAM = S2X824W2YT;
				INFOPLIST_FILE = DNSTests/Info.plist;
				LD_RUNPATH_SEARCH_PATHS = (
					"$(inherited)",
					"@executable_path/Frameworks",
					"@loader_path/Frameworks",
				);
				PRODUCT_BUNDLE_IDENTIFIER = com.vincent178.DNSTests;
				PRODUCT_NAME = "$(TARGET_NAME)";
				SWIFT_VERSION = 5.0;
				TARGETED_DEVICE_FAMILY = "1,2";
			};
			name = Release;
		};
/* End XCBuildConfiguration section */

/* Begin XCConfigurationList section */
		241F6CF1249D60FE00D5D298 /* Build configuration list for PBXProject "DNS" */ = {
			isa = XCConfigurationList;
			buildConfigurations = (
				241F6CFB249D60FE00D5D298 /* Debug */,
				241F6CFC249D60FE00D5D298 /* Release */,
			);
			defaultConfigurationIsVisible = 0;
			defaultConfigurationName = Release;
		};
		241F6CFD249D60FE00D5D298 /* Build configuration list for PBXNativeTarget "DNS" */ = {
			isa = XCConfigurationList;
			buildConfigurations = (
				241F6CFE249D60FE00D5D298 /* Debug */,
				241F6CFF249D60FE00D5D298 /* Release */,
			);
			defaultConfigurationIsVisible = 0;
			defaultConfigurationName = Release;
		};
		241F6D0F249D629800D5D298 /* Build configuration list for PBXNativeTarget "DNSTests" */ = {
			isa = XCConfigurationList;
			buildConfigurations = (
				241F6D10249D629800D5D298 /* Debug */,
				241F6D11249D629800D5D298 /* Release */,
			);
			defaultConfigurationIsVisible = 0;
			defaultConfigurationName = Release;
		};
/* End XCConfigurationList section */
	};
	rootObject = 241F6CEE249D60FE00D5D298 /* Project object */;
}
